
Microsoft Visual Studio Solution File, Format Version 12.00
# Visual Studio Version 16
VisualStudioVersion = 16.0.28803.156
MinimumVisualStudioVersion = 10.0.40219.1
Project("{FAE04EC0-301F-11D3-BF4B-00C04F79EFBC}") = "UniversityManagerAPI", "UniversityManagerAPI\UniversityManagerAPI.csproj", "{07D40EC9-1A6D-4F8D-848C-465421CFF675}"
EndProject
Global
	GlobalSection(SolutionConfigurationPlatforms) = preSolution
		Debug|Any CPU = Debug|Any CPU
		Release|Any CPU = Release|Any CPU
	EndGlobalSection
	GlobalSection(ProjectConfigurationPlatforms) = postSolution
		{07D40EC9-1A6D-4F8D-848C-465421CFF675}.Debug|Any CPU.ActiveCfg = Debug|Any CPU
		{07D40EC9-1A6D-4F8D-848C-465421CFF675}.Debug|Any CPU.Build.0 = Debug|Any CPU
		{07D40EC9-1A6D-4F8D-848C-465421CFF675}.Release|Any CPU.ActiveCfg = Release|Any CPU
		{07D40EC9-1A6D-4F8D-848C-465421CFF675}.Release|Any CPU.Build.0 = Release|Any CPU
	EndGlobalSection
	GlobalSection(SolutionProperties) = preSolution
		HideSolutionNode = FALSE
	EndGlobalSection
	GlobalSection(ExtensibilityGlobals) = postSolution
		SolutionGuid = {8FBB9567-6E0C-437C-82FB-C7EFC3CE94C3}
	EndGlobalSection
EndGlobal
